// !$*UTF8*$!
{
	archiveVersion = 1;
	classes = {
	};
	objectVersion = 51;
	objects = {

/* Begin PBXBuildFile section */
		966631C7F792875FEA2E3160 /* Pods_Scholl_Fungal_Nail.framework in Frameworks */ = {isa = PBXBuildFile; fileRef = D36F939530852D053F6C13E2 /* Pods_Scholl_Fungal_Nail.framework */; };
		AA76E5502369D23D004322EE /* ThirdViewController.swift in Sources */ = {isa = PBXBuildFile; fileRef = AA76E54F2369D23D004322EE /* ThirdViewController.swift */; };
		AA76E5522369D24D004322EE /* FourthViewController.swift in Sources */ = {isa = PBXBuildFile; fileRef = AA76E5512369D24D004322EE /* FourthViewController.swift */; };
		AA7C81E0236C873C004684C2 /* MyImageClassifier2 1.mlmodel in Sources */ = {isa = PBXBuildFile; fileRef = AA7C81DF236C873C004684C2 /* MyImageClassifier2 1.mlmodel */; };
		AA7CB2C92369C659000CC249 /* AppDelegate.swift in Sources */ = {isa = PBXBuildFile; fileRef = AA7CB2C82369C659000CC249 /* AppDelegate.swift */; };
		AA7CB2CB2369C659000CC249 /* SceneDelegate.swift in Sources */ = {isa = PBXBuildFile; fileRef = AA7CB2CA2369C659000CC249 /* SceneDelegate.swift */; };
		AA7CB2CF2369C659000CC249 /* SecondViewController.swift in Sources */ = {isa = PBXBuildFile; fileRef = AA7CB2CE2369C659000CC249 /* SecondViewController.swift */; };
		AA7CB2D22369C659000CC249 /* Main.storyboard in Resources */ = {isa = PBXBuildFile; fileRef = AA7CB2D02369C659000CC249 /* Main.storyboard */; };
		AA7CB2D42369C65B000CC249 /* Assets.xcassets in Resources */ = {isa = PBXBuildFile; fileRef = AA7CB2D32369C65B000CC249 /* Assets.xcassets */; };
		AA7CB2D72369C65B000CC249 /* LaunchScreen.storyboard in Resources */ = {isa = PBXBuildFile; fileRef = AA7CB2D52369C65B000CC249 /* LaunchScreen.storyboard */; };
		AA8A863223701A8900F992E4 /* HomeVC.swift in Sources */ = {isa = PBXBuildFile; fileRef = AA7CB2CC2369C659000CC249 /* HomeVC.swift */; };
		AA8A8634237041CC00F992E4 /* ResultsVC.swift in Sources */ = {isa = PBXBuildFile; fileRef = AA8A8633237041CC00F992E4 /* ResultsVC.swift */; };
		AA8A8636237063EA00F992E4 /* Result.swift in Sources */ = {isa = PBXBuildFile; fileRef = AA8A8635237063EA00F992E4 /* Result.swift */; };
		AAF4E90D2370C7B5006CEB55 /* CustomTableViewCell.swift in Sources */ = {isa = PBXBuildFile; fileRef = AAF4E90B2370C7B5006CEB55 /* CustomTableViewCell.swift */; };
		AAF4E90E2370C7B5006CEB55 /* CustomTableViewCell.xib in Resources */ = {isa = PBXBuildFile; fileRef = AAF4E90C2370C7B5006CEB55 /* CustomTableViewCell.xib */; };
/* End PBXBuildFile section */

/* Begin PBXFileReference section */
		2CECE517FF7DE9A93DC87CEC /* Pods-Scholl Fungal Nail.debug.xcconfig */ = {isa = PBXFileReference; includeInIndex = 1; lastKnownFileType = text.xcconfig; name = "Pods-Scholl Fungal Nail.debug.xcconfig"; path = "Target Support Files/Pods-Scholl Fungal Nail/Pods-Scholl Fungal Nail.debug.xcconfig"; sourceTree = "<group>"; };
		AA76E54F2369D23D004322EE /* ThirdViewController.swift */ = {isa = PBXFileReference; lastKnownFileType = sourcecode.swift; path = ThirdViewController.swift; sourceTree = "<group>"; };
		AA76E5512369D24D004322EE /* FourthViewController.swift */ = {isa = PBXFileReference; lastKnownFileType = sourcecode.swift; path = FourthViewController.swift; sourceTree = "<group>"; };
		AA7C81DF236C873C004684C2 /* MyImageClassifier2 1.mlmodel */ = {isa = PBXFileReference; lastKnownFileType = file.mlmodel; path = "MyImageClassifier2 1.mlmodel"; sourceTree = "<group>"; };
		AA7CB2C52369C659000CC249 /* Scholl Fungal Nail.app */ = {isa = PBXFileReference; explicitFileType = wrapper.application; includeInIndex = 0; path = "Scholl Fungal Nail.app"; sourceTree = BUILT_PRODUCTS_DIR; };
		AA7CB2C82369C659000CC249 /* AppDelegate.swift */ = {isa = PBXFileReference; lastKnownFileType = sourcecode.swift; path = AppDelegate.swift; sourceTree = "<group>"; };
		AA7CB2CA2369C659000CC249 /* SceneDelegate.swift */ = {isa = PBXFileReference; lastKnownFileType = sourcecode.swift; path = SceneDelegate.swift; sourceTree = "<group>"; };
		AA7CB2CC2369C659000CC249 /* HomeVC.swift */ = {isa = PBXFileReference; lastKnownFileType = sourcecode.swift; path = HomeVC.swift; sourceTree = "<group>"; };
		AA7CB2CE2369C659000CC249 /* SecondViewController.swift */ = {isa = PBXFileReference; lastKnownFileType = sourcecode.swift; path = SecondViewController.swift; sourceTree = "<group>"; };
		AA7CB2D12369C659000CC249 /* Base */ = {isa = PBXFileReference; lastKnownFileType = file.storyboard; name = Base; path = Base.lproj/Main.storyboard; sourceTree = "<group>"; };
		AA7CB2D32369C65B000CC249 /* Assets.xcassets */ = {isa = PBXFileReference; lastKnownFileType = folder.assetcatalog; path = Assets.xcassets; sourceTree = "<group>"; };
		AA7CB2D62369C65B000CC249 /* Base */ = {isa = PBXFileReference; lastKnownFileType = file.storyboard; name = Base; path = Base.lproj/LaunchScreen.storyboard; sourceTree = "<group>"; };
		AA7CB2D82369C65B000CC249 /* Info.plist */ = {isa = PBXFileReference; lastKnownFileType = text.plist.xml; path = Info.plist; sourceTree = "<group>"; };
		AA8A8633237041CC00F992E4 /* ResultsVC.swift */ = {isa = PBXFileReference; lastKnownFileType = sourcecode.swift; name = ResultsVC.swift; path = ../../ResultsVC.swift; sourceTree = "<group>"; };
		AA8A8635237063EA00F992E4 /* Result.swift */ = {isa = PBXFileReference; lastKnownFileType = sourcecode.swift; path = Result.swift; sourceTree = "<group>"; };
		AAF4E90B2370C7B5006CEB55 /* CustomTableViewCell.swift */ = {isa = PBXFileReference; lastKnownFileType = sourcecode.swift; name = CustomTableViewCell.swift; path = "Scholl Fungal Nail/CustomTableViewCell.swift"; sourceTree = SOURCE_ROOT; };
		AAF4E90C2370C7B5006CEB55 /* CustomTableViewCell.xib */ = {isa = PBXFileReference; lastKnownFileType = file.xib; name = CustomTableViewCell.xib; path = "Scholl Fungal Nail/CustomTableViewCell.xib"; sourceTree = SOURCE_ROOT; };
		D36F939530852D053F6C13E2 /* Pods_Scholl_Fungal_Nail.framework */ = {isa = PBXFileReference; explicitFileType = wrapper.framework; includeInIndex = 0; path = Pods_Scholl_Fungal_Nail.framework; sourceTree = BUILT_PRODUCTS_DIR; };
		EC38B6246A125E8B3AFA5DF2 /* Pods-Scholl Fungal Nail.release.xcconfig */ = {isa = PBXFileReference; includeInIndex = 1; lastKnownFileType = text.xcconfig; name = "Pods-Scholl Fungal Nail.release.xcconfig"; path = "Target Support Files/Pods-Scholl Fungal Nail/Pods-Scholl Fungal Nail.release.xcconfig"; sourceTree = "<group>"; };
/* End PBXFileReference section */

/* Begin PBXFrameworksBuildPhase section */
		AA7CB2C22369C659000CC249 /* Frameworks */ = {
			isa = PBXFrameworksBuildPhase;
			buildActionMask = 2147483647;
			files = (
				966631C7F792875FEA2E3160 /* Pods_Scholl_Fungal_Nail.framework in Frameworks */,
			);
			runOnlyForDeploymentPostprocessing = 0;
		};
/* End PBXFrameworksBuildPhase section */

/* Begin PBXGroup section */
		3B31A1662842CDEDD4C715C5 /* Frameworks */ = {
			isa = PBXGroup;
			children = (
				D36F939530852D053F6C13E2 /* Pods_Scholl_Fungal_Nail.framework */,
			);
			name = Frameworks;
			sourceTree = "<group>";
		};
		A78F335DD8F8189914E552A3 /* Pods */ = {
			isa = PBXGroup;
			children = (
				2CECE517FF7DE9A93DC87CEC /* Pods-Scholl Fungal Nail.debug.xcconfig */,
				EC38B6246A125E8B3AFA5DF2 /* Pods-Scholl Fungal Nail.release.xcconfig */,
			);
			path = Pods;
			sourceTree = "<group>";
		};
		AA7CB2BC2369C659000CC249 = {
			isa = PBXGroup;
			children = (
				AA7CB2C72369C659000CC249 /* Scholl Fungal Nail */,
				AA7CB2C62369C659000CC249 /* Products */,
				A78F335DD8F8189914E552A3 /* Pods */,
				3B31A1662842CDEDD4C715C5 /* Frameworks */,
			);
			sourceTree = "<group>";
		};
		AA7CB2C62369C659000CC249 /* Products */ = {
			isa = PBXGroup;
			children = (
				AA7CB2C52369C659000CC249 /* Scholl Fungal Nail.app */,
			);
			name = Products;
			sourceTree = "<group>";
		};
		AA7CB2C72369C659000CC249 /* Scholl Fungal Nail */ = {
			isa = PBXGroup;
			children = (
				AA7C81DF236C873C004684C2 /* MyImageClassifier2 1.mlmodel */,
				AAEE62CC236C600800203FA5 /* Views */,
				AAEE62CA236C5FD700203FA5 /* Models */,
				AAEE62C9236C5FCA00203FA5 /* View Controllers */,
				AA7CB2C82369C659000CC249 /* AppDelegate.swift */,
				AA7CB2CA2369C659000CC249 /* SceneDelegate.swift */,
				AA7CB2D02369C659000CC249 /* Main.storyboard */,
				AA7CB2D32369C65B000CC249 /* Assets.xcassets */,
				AA7CB2D52369C65B000CC249 /* LaunchScreen.storyboard */,
				AA7CB2D82369C65B000CC249 /* Info.plist */,
			);
			path = "Scholl Fungal Nail";
			sourceTree = "<group>";
		};
		AAEE62C9236C5FCA00203FA5 /* View Controllers */ = {
			isa = PBXGroup;
			children = (
				AA7CB2CC2369C659000CC249 /* HomeVC.swift */,
				AA8A8633237041CC00F992E4 /* ResultsVC.swift */,
				AA7CB2CE2369C659000CC249 /* SecondViewController.swift */,
				AA76E54F2369D23D004322EE /* ThirdViewController.swift */,
				AA76E5512369D24D004322EE /* FourthViewController.swift */,
			);
			path = "View Controllers";
			sourceTree = "<group>";
		};
		AAEE62CA236C5FD700203FA5 /* Models */ = {
			isa = PBXGroup;
			children = (
				AA8A8635237063EA00F992E4 /* Result.swift */,
			);
			path = Models;
			sourceTree = "<group>";
		};
		AAEE62CC236C600800203FA5 /* Views */ = {
			isa = PBXGroup;
			children = (
				AAF4E90B2370C7B5006CEB55 /* CustomTableViewCell.swift */,
				AAF4E90C2370C7B5006CEB55 /* CustomTableViewCell.xib */,
			);
			path = Views;
			sourceTree = "<group>";
		};
/* End PBXGroup section */

/* Begin PBXNativeTarget section */
		AA7CB2C42369C659000CC249 /* Scholl Fungal Nail */ = {
			isa = PBXNativeTarget;
			buildConfigurationList = AA7CB2DB2369C65B000CC249 /* Build configuration list for PBXNativeTarget "Scholl Fungal Nail" */;
			buildPhases = (
				43531E1FE53660B6C95BCA9D /* [CP] Check Pods Manifest.lock */,
				AA7CB2C12369C659000CC249 /* Sources */,
				AA7CB2C22369C659000CC249 /* Frameworks */,
				AA7CB2C32369C659000CC249 /* Resources */,
				3B1BC1735D6877A4BBB56B69 /* [CP] Embed Pods Frameworks */,
			);
			buildRules = (
			);
			dependencies = (
			);
			name = "Scholl Fungal Nail";
			productName = "Scholl Fungal Nail";
			productReference = AA7CB2C52369C659000CC249 /* Scholl Fungal Nail.app */;
			productType = "com.apple.product-type.application";
		};
/* End PBXNativeTarget section */

/* Begin PBXProject section */
		AA7CB2BD2369C659000CC249 /* Project object */ = {
			isa = PBXProject;
			attributes = {
				LastSwiftUpdateCheck = 1110;
				LastUpgradeCheck = 1110;
				ORGANIZATIONNAME = "Timothy Platt";
				TargetAttributes = {
					AA7CB2C42369C659000CC249 = {
						CreatedOnToolsVersion = 11.1;
					};
				};
			};
			buildConfigurationList = AA7CB2C02369C659000CC249 /* Build configuration list for PBXProject "Scholl Fungal Nail" */;
			compatibilityVersion = "Xcode 9.3";
			developmentRegion = en;
			hasScannedForEncodings = 0;
			knownRegions = (
				en,
				Base,
			);
			mainGroup = AA7CB2BC2369C659000CC249;
			productRefGroup = AA7CB2C62369C659000CC249 /* Products */;
			projectDirPath = "";
			projectRoot = "";
			targets = (
				AA7CB2C42369C659000CC249 /* Scholl Fungal Nail */,
			);
		};
/* End PBXProject section */

/* Begin PBXResourcesBuildPhase section */
		AA7CB2C32369C659000CC249 /* Resources */ = {
			isa = PBXResourcesBuildPhase;
			buildActionMask = 2147483647;
			files = (
				AA7CB2D72369C65B000CC249 /* LaunchScreen.storyboard in Resources */,
				AA7CB2D42369C65B000CC249 /* Assets.xcassets in Resources */,
				AAF4E90E2370C7B5006CEB55 /* CustomTableViewCell.xib in Resources */,
				AA7CB2D22369C659000CC249 /* Main.storyboard in Resources */,
			);
			runOnlyForDeploymentPostprocessing = 0;
		};
/* End PBXResourcesBuildPhase section */

/* Begin PBXShellScriptBuildPhase section */
		3B1BC1735D6877A4BBB56B69 /* [CP] Embed Pods Frameworks */ = {
			isa = PBXShellScriptBuildPhase;
			buildActionMask = 2147483647;
			files = (
			);
			inputFileListPaths = (
				"${PODS_ROOT}/Target Support Files/Pods-Scholl Fungal Nail/Pods-Scholl Fungal Nail-frameworks-${CONFIGURATION}-input-files.xcfilelist",
			);
			name = "[CP] Embed Pods Frameworks";
			outputFileListPaths = (
				"${PODS_ROOT}/Target Support Files/Pods-Scholl Fungal Nail/Pods-Scholl Fungal Nail-frameworks-${CONFIGURATION}-output-files.xcfilelist",
			);
			runOnlyForDeploymentPostprocessing = 0;
			shellPath = /bin/sh;
			shellScript = "\"${PODS_ROOT}/Target Support Files/Pods-Scholl Fungal Nail/Pods-Scholl Fungal Nail-frameworks.sh\"\n";
			showEnvVarsInLog = 0;
		};
		43531E1FE53660B6C95BCA9D /* [CP] Check Pods Manifest.lock */ = {
			isa = PBXShellScriptBuildPhase;
			buildActionMask = 2147483647;
			files = (
			);
			inputFileListPaths = (
			);
			inputPaths = (
				"${PODS_PODFILE_DIR_PATH}/Podfile.lock",
				"${PODS_ROOT}/Manifest.lock",
			);
			name = "[CP] Check Pods Manifest.lock";
			outputFileListPaths = (
			);
			outputPaths = (
				"$(DERIVED_FILE_DIR)/Pods-Scholl Fungal Nail-checkManifestLockResult.txt",
			);
			runOnlyForDeploymentPostprocessing = 0;
			shellPath = /bin/sh;
			shellScript = "diff \"${PODS_PODFILE_DIR_PATH}/Podfile.lock\" \"${PODS_ROOT}/Manifest.lock\" > /dev/null\nif [ $? != 0 ] ; then\n    # print error to STDERR\n    echo \"error: The sandbox is not in sync with the Podfile.lock. Run 'pod install' or update your CocoaPods installation.\" >&2\n    exit 1\nfi\n# This output is used by Xcode 'outputs' to avoid re-running this script phase.\necho \"SUCCESS\" > \"${SCRIPT_OUTPUT_FILE_0}\"\n";
			showEnvVarsInLog = 0;
		};
/* End PBXShellScriptBuildPhase section */

/* Begin PBXSourcesBuildPhase section */
		AA7CB2C12369C659000CC249 /* Sources */ = {
			isa = PBXSourcesBuildPhase;
			buildActionMask = 2147483647;
			files = (
				AA8A8636237063EA00F992E4 /* Result.swift in Sources */,
				AA8A863223701A8900F992E4 /* HomeVC.swift in Sources */,
				AA76E5522369D24D004322EE /* FourthViewController.swift in Sources */,
				AA7CB2CF2369C659000CC249 /* SecondViewController.swift in Sources */,
				AA76E5502369D23D004322EE /* ThirdViewController.swift in Sources */,
				AA7C81E0236C873C004684C2 /* MyImageClassifier2 1.mlmodel in Sources */,
				AAF4E90D2370C7B5006CEB55 /* CustomTableViewCell.swift in Sources */,
				AA8A8634237041CC00F992E4 /* ResultsVC.swift in Sources */,
				AA7CB2C92369C659000CC249 /* AppDelegate.swift in Sources */,
				AA7CB2CB2369C659000CC249 /* SceneDelegate.swift in Sources */,
			);
			runOnlyForDeploymentPostprocessing = 0;
		};
/* End PBXSourcesBuildPhase section */

/* Begin PBXVariantGroup section */
		AA7CB2D02369C659000CC249 /* Main.storyboard */ = {
			isa = PBXVariantGroup;
			children = (
				AA7CB2D12369C659000CC249 /* Base */,
			);
			name = Main.storyboard;
			sourceTree = "<group>";
		};
		AA7CB2D52369C65B000CC249 /* LaunchScreen.storyboard */ = {
			isa = PBXVariantGroup;
			children = (
				AA7CB2D62369C65B000CC249 /* Base */,
			);
			name = LaunchScreen.storyboard;
			sourceTree = "<group>";
		};
/* End PBXVariantGroup section */

/* Begin XCBuildConfiguration section */
		AA7CB2D92369C65B000CC249 /* Debug */ = {
			isa = XCBuildConfiguration;
			buildSettings = {
				ALWAYS_SEARCH_USER_PATHS = NO;
				CLANG_ANALYZER_NONNULL = YES;
				CLANG_ANALYZER_NUMBER_OBJECT_CONVERSION = YES_AGGRESSIVE;
				CLANG_CXX_LANGUAGE_STANDARD = "gnu++14";
				CLANG_CXX_LIBRARY = "libc++";
				CLANG_ENABLE_MODULES = YES;
				CLANG_ENABLE_OBJC_ARC = YES;
				CLANG_ENABLE_OBJC_WEAK = YES;
				CLANG_WARN_BLOCK_CAPTURE_AUTORELEASING = YES;
				CLANG_WARN_BOOL_CONVERSION = YES;
				CLANG_WARN_COMMA = YES;
				CLANG_WARN_CONSTANT_CONVERSION = YES;
				CLANG_WARN_DEPRECATED_OBJC_IMPLEMENTATIONS = YES;
				CLANG_WARN_DIRECT_OBJC_ISA_USAGE = YES_ERROR;
				CLANG_WARN_DOCUMENTATION_COMMENTS = YES;
				CLANG_WARN_EMPTY_BODY = YES;
				CLANG_WARN_ENUM_CONVERSION = YES;
				CLANG_WARN_INFINITE_RECURSION = YES;
				CLANG_WARN_INT_CONVERSION = YES;
				CLANG_WARN_NON_LITERAL_NULL_CONVERSION = YES;
				CLANG_WARN_OBJC_IMPLICIT_RETAIN_SELF = YES;
				CLANG_WARN_OBJC_LITERAL_CONVERSION = YES;
				CLANG_WARN_OBJC_ROOT_CLASS = YES_ERROR;
				CLANG_WARN_RANGE_LOOP_ANALYSIS = YES;
				CLANG_WARN_STRICT_PROTOTYPES = YES;
				CLANG_WARN_SUSPICIOUS_MOVE = YES;
				CLANG_WARN_UNGUARDED_AVAILABILITY = YES_AGGRESSIVE;
				CLANG_WARN_UNREACHABLE_CODE = YES;
				CLANG_WARN__DUPLICATE_METHOD_MATCH = YES;
				COPY_PHASE_STRIP = NO;
				DEBUG_INFORMATION_FORMAT = dwarf;
				ENABLE_STRICT_OBJC_MSGSEND = YES;
				ENABLE_TESTABILITY = YES;
				GCC_C_LANGUAGE_STANDARD = gnu11;
				GCC_DYNAMIC_NO_PIC = NO;
				GCC_NO_COMMON_BLOCKS = YES;
				GCC_OPTIMIZATION_LEVEL = 0;
				GCC_PREPROCESSOR_DEFINITIONS = (
					"DEBUG=1",
					"$(inherited)",
				);
				GCC_WARN_64_TO_32_BIT_CONVERSION = YES;
				GCC_WARN_ABOUT_RETURN_TYPE = YES_ERROR;
				GCC_WARN_UNDECLARED_SELECTOR = YES;
				GCC_WARN_UNINITIALIZED_AUTOS = YES_AGGRESSIVE;
				GCC_WARN_UNUSED_FUNCTION = YES;
				GCC_WARN_UNUSED_VARIABLE = YES;
				IPHONEOS_DEPLOYMENT_TARGET = 13.1;
				MTL_ENABLE_DEBUG_INFO = INCLUDE_SOURCE;
				MTL_FAST_MATH = YES;
				ONLY_ACTIVE_ARCH = YES;
				SDKROOT = iphoneos;
				SWIFT_ACTIVE_COMPILATION_CONDITIONS = DEBUG;
				SWIFT_OPTIMIZATION_LEVEL = "-Onone";
			};
			name = Debug;
		};
		AA7CB2DA2369C65B000CC249 /* Release */ = {
			isa = XCBuildConfiguration;
			buildSettings = {
				ALWAYS_SEARCH_USER_PATHS = NO;
				CLANG_ANALYZER_NONNULL = YES;
				CLANG_ANALYZER_NUMBER_OBJECT_CONVERSION = YES_AGGRESSIVE;
				CLANG_CXX_LANGUAGE_STANDARD = "gnu++14";
				CLANG_CXX_LIBRARY = "libc++";
				CLANG_ENABLE_MODULES = YES;
				CLANG_ENABLE_OBJC_ARC = YES;
				CLANG_ENABLE_OBJC_WEAK = YES;
				CLANG_WARN_BLOCK_CAPTURE_AUTORELEASING = YES;
				CLANG_WARN_BOOL_CONVERSION = YES;
				CLANG_WARN_COMMA = YES;
				CLANG_WARN_CONSTANT_CONVERSION = YES;
				CLANG_WARN_DEPRECATED_OBJC_IMPLEMENTATIONS = YES;
				CLANG_WARN_DIRECT_OBJC_ISA_USAGE = YES_ERROR;
				CLANG_WARN_DOCUMENTATION_COMMENTS = YES;
				CLANG_WARN_EMPTY_BODY = YES;
				CLANG_WARN_ENUM_CONVERSION = YES;
				CLANG_WARN_INFINITE_RECURSION = YES;
				CLANG_WARN_INT_CONVERSION = YES;
				CLANG_WARN_NON_LITERAL_NULL_CONVERSION = YES;
				CLANG_WARN_OBJC_IMPLICIT_RETAIN_SELF = YES;
				CLANG_WARN_OBJC_LITERAL_CONVERSION = YES;
				CLANG_WARN_OBJC_ROOT_CLASS = YES_ERROR;
				CLANG_WARN_RANGE_LOOP_ANALYSIS = YES;
				CLANG_WARN_STRICT_PROTOTYPES = YES;
				CLANG_WARN_SUSPICIOUS_MOVE = YES;
				CLANG_WARN_UNGUARDED_AVAILABILITY = YES_AGGRESSIVE;
				CLANG_WARN_UNREACHABLE_CODE = YES;
				CLANG_WARN__DUPLICATE_METHOD_MATCH = YES;
				COPY_PHASE_STRIP = NO;
				DEBUG_INFORMATION_FORMAT = "dwarf-with-dsym";
				ENABLE_NS_ASSERTIONS = NO;
				ENABLE_STRICT_OBJC_MSGSEND = YES;
				GCC_C_LANGUAGE_STANDARD = gnu11;
				GCC_NO_COMMON_BLOCKS = YES;
				GCC_WARN_64_TO_32_BIT_CONVERSION = YES;
				GCC_WARN_ABOUT_RETURN_TYPE = YES_ERROR;
				GCC_WARN_UNDECLARED_SELECTOR = YES;
				GCC_WARN_UNINITIALIZED_AUTOS = YES_AGGRESSIVE;
				GCC_WARN_UNUSED_FUNCTION = YES;
				GCC_WARN_UNUSED_VARIABLE = YES;
				IPHONEOS_DEPLOYMENT_TARGET = 13.1;
				MTL_ENABLE_DEBUG_INFO = NO;
				MTL_FAST_MATH = YES;
				SDKROOT = iphoneos;
				SWIFT_COMPILATION_MODE = wholemodule;
				SWIFT_OPTIMIZATION_LEVEL = "-O";
				VALIDATE_PRODUCT = YES;
			};
			name = Release;
		};
		AA7CB2DC2369C65B000CC249 /* Debug */ = {
			isa = XCBuildConfiguration;
			baseConfigurationReference = 2CECE517FF7DE9A93DC87CEC /* Pods-Scholl Fungal Nail.debug.xcconfig */;
			buildSettings = {
				ASSETCATALOG_COMPILER_APPICON_NAME = AppIcon;
				CODE_SIGN_STYLE = Automatic;
				DEVELOPMENT_TEAM = F8VCL93DYP;
				INFOPLIST_FILE = "Scholl Fungal Nail/Info.plist";
				LD_RUNPATH_SEARCH_PATHS = (
					"$(inherited)",
					"@executable_path/Frameworks",
				);
				PRODUCT_BUNDLE_IDENTIFIER = "com.timothyplatt.Scholl-Fungal-Nail";
				PRODUCT_NAME = "$(TARGET_NAME)";
				SWIFT_VERSION = 5.0;
				TARGETED_DEVICE_FAMILY = "1,2";
			};
			name = Debug;
		};
		AA7CB2DD2369C65B000CC249 /* Release */ = {
			isa = XCBuildConfiguration;
			baseConfigurationReference = EC38B6246A125E8B3AFA5DF2 /* Pods-Scholl Fungal Nail.release.xcconfig */;
			buildSettings = {
				ASSETCATALOG_COMPILER_APPICON_NAME = AppIcon;
				CODE_SIGN_STYLE = Automatic;
				DEVELOPMENT_TEAM = F8VCL93DYP;
				INFOPLIST_FILE = "Scholl Fungal Nail/Info.plist";
				LD_RUNPATH_SEARCH_PATHS = (
					"$(inherited)",
					"@executable_path/Frameworks",
				);
				PRODUCT_BUNDLE_IDENTIFIER = "com.timothyplatt.Scholl-Fungal-Nail";
				PRODUCT_NAME = "$(TARGET_NAME)";
				SWIFT_VERSION = 5.0;
				TARGETED_DEVICE_FAMILY = "1,2";
			};
			name = Release;
		};
/* End XCBuildConfiguration section */

/* Begin XCConfigurationList section */
		AA7CB2C02369C659000CC249 /* Build configuration list for PBXProject "Scholl Fungal Nail" */ = {
			isa = XCConfigurationList;
			buildConfigurations = (
				AA7CB2D92369C65B000CC249 /* Debug */,
				AA7CB2DA2369C65B000CC249 /* Release */,
			);
			defaultConfigurationIsVisible = 0;
			defaultConfigurationName = Release;
		};
		AA7CB2DB2369C65B000CC249 /* Build configuration list for PBXNativeTarget "Scholl Fungal Nail" */ = {
			isa = XCConfigurationList;
			buildConfigurations = (
				AA7CB2DC2369C65B000CC249 /* Debug */,
				AA7CB2DD2369C65B000CC249 /* Release */,
			);
			defaultConfigurationIsVisible = 0;
			defaultConfigurationName = Release;
		};
/* End XCConfigurationList section */
	};
	rootObject = AA7CB2BD2369C659000CC249 /* Project object */;
}
